
Microsoft Visual Studio Solution File, Format Version 12.00
# Visual Studio 15
VisualStudioVersion = 15.0.27130.2010
MinimumVisualStudioVersion = 10.0.40219.1
Project("{FAE04EC0-301F-11D3-BF4B-00C04F79EFBC}") = "HLY_Jwt", "HLY_Jwt\HLY_Jwt.csproj", "{15DAEAE9-9D75-4083-AA08-6A98FEE2EDC7}"
EndProject
Project("{FAE04EC0-301F-11D3-BF4B-00C04F79EFBC}") = "ConsoleApp1", "ConsoleApp1\ConsoleApp1.csproj", "{B7B094DD-ABD7-4876-8A69-0054832339E0}"
EndProject
Global
	GlobalSection(SolutionConfigurationPlatforms) = preSolution
		Debug|Any CPU = Debug|Any CPU
		Release|Any CPU = Release|Any CPU
	EndGlobalSection
	GlobalSection(ProjectConfigurationPlatforms) = postSolution
		{15DAEAE9-9D75-4083-AA08-6A98FEE2EDC7}.Debug|Any CPU.ActiveCfg = Debug|Any CPU
		{15DAEAE9-9D75-4083-AA08-6A98FEE2EDC7}.Debug|Any CPU.Build.0 = Debug|Any CPU
		{15DAEAE9-9D75-4083-AA08-6A98FEE2EDC7}.Release|Any CPU.ActiveCfg = Release|Any CPU
		{15DAEAE9-9D75-4083-AA08-6A98FEE2EDC7}.Release|Any CPU.Build.0 = Release|Any CPU
		{B7B094DD-ABD7-4876-8A69-0054832339E0}.Debug|Any CPU.ActiveCfg = Debug|Any CPU
		{B7B094DD-ABD7-4876-8A69-0054832339E0}.Debug|Any CPU.Build.0 = Debug|Any CPU
		{B7B094DD-ABD7-4876-8A69-0054832339E0}.Release|Any CPU.ActiveCfg = Release|Any CPU
		{B7B094DD-ABD7-4876-8A69-0054832339E0}.Release|Any CPU.Build.0 = Release|Any CPU
	EndGlobalSection
	GlobalSection(SolutionProperties) = preSolution
		HideSolutionNode = FALSE
	EndGlobalSection
	GlobalSection(ExtensibilityGlobals) = postSolution
		SolutionGuid = {60461F2A-2E43-48B8-957A-8E21BD94D6F4}
	EndGlobalSection
EndGlobal
